
Microsoft Visual Studio Solution File, Format Version 12.00
# Visual Studio Version 16
VisualStudioVersion = 16.0.29215.179
MinimumVisualStudioVersion = 10.0.40219.1
Project("{8BC9CEB8-8B4A-11D0-8D11-00A0C91BC942}") = "po1", "po1\po1.vcxproj", "{ACA0F4FF-B7E8-4DDE-8BB9-12917008920C}"
EndProject
Global
	GlobalSection(SolutionConfigurationPlatforms) = preSolution
		Debug|x64 = Debug|x64
		Debug|x86 = Debug|x86
		Release|x64 = Release|x64
		Release|x86 = Release|x86
	EndGlobalSection
	GlobalSection(ProjectConfigurationPlatforms) = postSolution
		{ACA0F4FF-B7E8-4DDE-8BB9-12917008920C}.Debug|x64.ActiveCfg = Debug|x64
		{ACA0F4FF-B7E8-4DDE-8BB9-12917008920C}.Debug|x64.Build.0 = Debug|x64
		{ACA0F4FF-B7E8-4DDE-8BB9-12917008920C}.Debug|x86.ActiveCfg = Debug|Win32
		{ACA0F4FF-B7E8-4DDE-8BB9-12917008920C}.Debug|x86.Build.0 = Debug|Win32
		{ACA0F4FF-B7E8-4DDE-8BB9-12917008920C}.Release|x64.ActiveCfg = Release|x64
		{ACA0F4FF-B7E8-4DDE-8BB9-12917008920C}.Release|x64.Build.0 = Release|x64
		{ACA0F4FF-B7E8-4DDE-8BB9-12917008920C}.Release|x86.ActiveCfg = Release|Win32
		{ACA0F4FF-B7E8-4DDE-8BB9-12917008920C}.Release|x86.Build.0 = Release|Win32
	EndGlobalSection
	GlobalSection(SolutionProperties) = preSolution
		HideSolutionNode = FALSE
	EndGlobalSection
	GlobalSection(ExtensibilityGlobals) = postSolution
		SolutionGuid = {3A7E1D55-C864-4AE0-90FF-E9786426B6BC}
	EndGlobalSection
EndGlobal
